{
  "name": "@gsg/workspace-demo",
  "version": "1.0.0",
  "lockfileVersion": 2,
  "requires": true,
  "packages": {
    "": {
      "name": "@gsg/workspace-demo",
      "version": "1.0.0",
      "license": "ISC",
      "workspaces": {
        "packages": [
          "service-one",
          "service-two",
          "shared-libs"
        ]
      }
    }
  }
}
